{
  "name": "project-rescom",
  "version": "1.0.0",
  "lockfileVersion": 3,
  "requires": true,
  "packages": {
    "": {
      "name": "project-rescom",
      "version": "1.0.0",
      "license": "ISC",
      "workspaces": [
        "apps/*",
        "packages/*"
      ],
      "engines": {
        "node": ">=22.0.0"
      }
    },
    "apps/backend": {
      "version": "1.0.0",
      "license": "ISC",
      "dependencies": {
        "@prisma/client": "6.0.0"
      },
      "devDependencies": {
        "prisma": "6.0.0"
      }
    },
    "apps/backend/node_modules/@prisma/client": {
      "version": "6.0.0",
      "hasInstallScript": true,
      "license": "Apache-2.0",
      "engines": {
        "node": ">=18.18"
      },
      "peerDependencies": {
        "prisma": "*"
      },
      "peerDependenciesMeta": {
        "prisma": {
          "optional": true
        }
      }
    },
    "apps/backend/node_modules/@prisma/config": {
      "version": "7.9.1",
      "extraneous": true,
      "license": "Apache-2.0",
      "dependencies": {
        "c12": "3.3.4",
        "deepmerge-ts": "7.1.5",
        "effect": "3.20.0",
        "empathic": "2.0.0"
      }
    },
    "apps/backend/node_modules/@prisma/debug": {
      "version": "6.0.0",
      "devOptional": true,
      "license": "Apache-2.0"
    },
    "apps/backend/node_modules/@prisma/engines": {
      "version": "6.0.0",
      "devOptional": true,
      "hasInstallScript": true,
      "license": "Apache-2.0",
      "dependencies": {
        "@prisma/debug": "6.0.0",
        "@prisma/engines-version": "5.23.0-27.5dbef10bdbfb579e07d35cc85fb1518d357cb99e",
        "@prisma/fetch-engine": "6.0.0",
        "@prisma/get-platform": "6.0.0"
      }
    },
    "apps/backend/node_modules/@prisma/engines-version": {
      "version": "5.23.0-27.5dbef10bdbfb579e07d35cc85fb1518d357cb99e",
      "devOptional": true,
      "license": "Apache-2.0"
    },
    "apps/backend/node_modules/@prisma/fetch-engine": {
      "version": "6.0.0",
      "devOptional": true,
      "license": "Apache-2.0",
      "dependencies": {
        "@prisma/debug": "6.0.0",
        "@prisma/engines-version": "5.23.0-27.5dbef10bdbfb579e07d35cc85fb1518d357cb99e",
        "@prisma/get-platform": "6.0.0"
      }
    },
    "apps/backend/node_modules/@prisma/get-platform": {
      "version": "6.0.0",
      "devOptional": true,
      "license": "Apache-2.0",
      "dependencies": {
        "@prisma/debug": "6.0.0"
      }
    },
    "apps/backend/node_modules/@standard-schema/spec": {
      "version": "1.1.0",
      "extraneous": true,
      "license": "MIT"
    },
    "apps/backend/node_modules/c12": {
      "version": "3.3.4",
      "extraneous": true,
      "license": "MIT",
      "dependencies": {
        "chokidar": "^5.0.0",
        "confbox": "^0.2.4",
        "defu": "^6.1.6",
        "dotenv": "^17.3.1",
        "exsolve": "^1.0.8",
        "giget": "^3.2.0",
        "jiti": "^2.6.1",
        "ohash": "^2.0.11",
        "pathe": "^2.0.3",
        "perfect-debounce": "^2.1.0",
        "pkg-types": "^2.3.0",
        "rc9": "^3.0.1"
      },
      "peerDependencies": {
        "magicast": "*"
      },
      "peerDependenciesMeta": {
        "magicast": {
          "optional": true
        }
      }
    },
    "apps/backend/node_modules/chokidar": {
      "version": "5.0.0",
      "extraneous": true,
      "license": "MIT",
      "dependencies": {
        "readdirp": "^5.0.0"
      },
      "engines": {
        "node": ">= 20.19.0"
      },
      "funding": {
        "url": "https://paulmillr.com/funding/"
      }
    },
    "apps/backend/node_modules/confbox": {
      "version": "0.2.4",
      "extraneous": true,
      "license": "MIT"
    },
    "apps/backend/node_modules/deepmerge-ts": {
      "version": "7.1.5",
      "extraneous": true,
      "license": "BSD-3-Clause",
      "engines": {
        "node": ">=16.0.0"
      }
    },
    "apps/backend/node_modules/defu": {
      "version": "6.1.7",
      "extraneous": true,
      "license": "MIT"
    },
    "apps/backend/node_modules/destr": {
      "version": "2.0.5",
      "extraneous": true,
      "license": "MIT"
    },
    "apps/backend/node_modules/dotenv": {
      "version": "17.4.2",
      "extraneous": true,
      "license": "BSD-2-Clause",
      "engines": {
        "node": ">=12"
      },
      "funding": {
        "url": "https://dotenvx.com"
      }
    },
    "apps/backend/node_modules/effect": {
      "version": "3.20.0",
      "extraneous": true,
      "license": "MIT",
      "dependencies": {
        "@standard-schema/spec": "^1.0.0",
        "fast-check": "^3.23.1"
      }
    },
    "apps/backend/node_modules/empathic": {
      "version": "2.0.0",
      "extraneous": true,
      "license": "MIT",
      "engines": {
        "node": ">=14"
      }
    },
    "apps/backend/node_modules/exsolve": {
      "version": "1.1.1",
      "extraneous": true,
      "license": "MIT"
    },
    "apps/backend/node_modules/fast-check": {
      "version": "3.23.2",
      "extraneous": true,
      "funding": [
        {
          "type": "individual",
          "url": "https://github.com/sponsors/dubzzz"
        },
        {
          "type": "opencollective",
          "url": "https://opencollective.com/fast-check"
        }
      ],
      "license": "MIT",
      "dependencies": {
        "pure-rand": "^6.1.0"
      },
      "engines": {
        "node": ">=8.0.0"
      }
    },
    "apps/backend/node_modules/giget": {
      "version": "3.3.1",
      "extraneous": true,
      "license": "MIT",
      "bin": {
        "giget": "dist/cli.mjs"
      }
    },
    "apps/backend/node_modules/jiti": {
      "version": "2.7.0",
      "extraneous": true,
      "license": "MIT",
      "bin": {
        "jiti": "lib/jiti-cli.mjs"
      }
    },
    "apps/backend/node_modules/ohash": {
      "version": "2.0.11",
      "extraneous": true,
      "license": "MIT"
    },
    "apps/backend/node_modules/pathe": {
      "version": "2.0.3",
      "extraneous": true,
      "license": "MIT"
    },
    "apps/backend/node_modules/perfect-debounce": {
      "version": "2.1.0",
      "extraneous": true,
      "license": "MIT"
    },
    "apps/backend/node_modules/pkg-types": {
      "version": "2.3.1",
      "extraneous": true,
      "license": "MIT",
      "dependencies": {
        "confbox": "^0.2.4",
        "exsolve": "^1.0.8",
        "pathe": "^2.0.3"
      }
    },
    "apps/backend/node_modules/prisma": {
      "version": "6.0.0",
      "devOptional": true,
      "hasInstallScript": true,
      "license": "Apache-2.0",
      "dependencies": {
        "@prisma/engines": "6.0.0"
      },
      "bin": {
        "prisma": "build/index.js"
      },
      "engines": {
        "node": ">=18.18"
      },
      "optionalDependencies": {
        "fsevents": "2.3.3"
      }
    },
    "apps/backend/node_modules/pure-rand": {
      "version": "6.1.0",
      "extraneous": true,
      "funding": [
        {
          "type": "individual",
          "url": "https://github.com/sponsors/dubzzz"
        },
        {
          "type": "opencollective",
          "url": "https://opencollective.com/fast-check"
        }
      ],
      "license": "MIT"
    },
    "apps/backend/node_modules/rc9": {
      "version": "3.0.1",
      "extraneous": true,
      "license": "MIT",
      "dependencies": {
        "defu": "^6.1.6",
        "destr": "^2.0.5"
      }
    },
    "apps/backend/node_modules/readdirp": {
      "version": "5.1.1",
      "extraneous": true,
      "license": "MIT",
      "engines": {
        "node": ">= 20.19.0"
      },
      "funding": {
        "type": "individual",
        "url": "https://paulmillr.com/funding/"
      }
    },
    "apps/frontend": {
      "version": "1.0.0",
      "license": "ISC"
    },
    "node_modules/backend": {
      "resolved": "apps/backend",
      "link": true
    },
    "node_modules/frontend": {
      "resolved": "apps/frontend",
      "link": true
    }
  }
}
